<Solution>
  <Folder Name="/src/">
    <Project Path="src/Api/Api.csproj" />
    <Project Path="src/AppHost/AppHost.csproj" />
    <Project Path="src/ServiceDefaults/ServiceDefaults.csproj" />
  </Folder>
  <Folder Name="/tests/">
    <Project Path="tests/Api.Tests/Api.Tests.csproj" />
  </Folder>
</Solution>
